<?xml version="1.0" encoding="utf-8"?>
<Project ToolsVersion="16.0" xmlns="http://schemas.microsoft.com/developer/msbuild/2003">
  <ItemGroup>
    <ClCompile Include="..\..\oc2\oc.c">
      <Filter>Source Files</Filter>
    </ClCompile>
    <ClCompile Include="..\..\oc2\daplex.c">
      <Filter>Source Files</Filter>
    </ClCompile>
    <ClCompile Include="..\..\oc2\dapparse.c">
      <Filter>Source Files</Filter>
    </ClCompile>
    <ClCompile Include="..\..\oc2\dapy.c">
      <Filter>Source Files</Filter>
    </ClCompile>
    <ClCompile Include="..\..\oc2\occompile.c">
      <Filter>Source Files</Filter>
    </ClCompile>
    <ClCompile Include="..\..\oc2\occurlfunctions.c">
      <Filter>Source Files</Filter>
    </ClCompile>
    <ClCompile Include="..\..\oc2\ocdata.c">
      <Filter>Source Files</Filter>
    </ClCompile>
    <ClCompile Include="..\..\oc2\ocdebug.c">
      <Filter>Source Files</Filter>
    </ClCompile>
    <ClCompile Include="..\..\oc2\ocdump.c">
      <Filter>Source Files</Filter>
    </ClCompile>
    <ClCompile Include="..\..\oc2\ocinternal.c">
      <Filter>Source Files</Filter>
    </ClCompile>
    <ClCompile Include="..\..\oc2\ocnode.c">
      <Filter>Source Files</Filter>
    </ClCompile>
    <ClCompile Include="..\..\oc2\ochttp.c">
      <Filter>Source Files</Filter>
    </ClCompile>
    <ClCompile Include="..\..\oc2\ocread.c">
      <Filter>Source Files</Filter>
    </ClCompile>
    <ClCompile Include="..\..\oc2\ocutil.c">
      <Filter>Source Files</Filter>
    </ClCompile>
    <ClCompile Include="..\..\oc2\xxdr.c">
      <Filter>Source Files</Filter>
    </ClCompile>
  </ItemGroup>
  <ItemGroup>
    <Filter Include="Source Files">
      <UniqueIdentifier>{A522C833-7C7C-3C54-B964-1823C5482EB1}</UniqueIdentifier>
    </Filter>
  </ItemGroup>
</Project>