Microsoft Visual Studio Solution File, Format Version 12.00
# Visual Studio Version 17
VisualStudioVersion = 17.0.31903.59
MinimumVisualStudioVersion = 10.0.40219.1
Project("{8BC9CEB8-8B4A-11D0-8D11-00A0C91BC942}") = "dap2", "libdap2\dap2.vcxproj", "{4F5D0DBB-E018-358B-9BAC-723E335E7A69}"
EndProject
Project("{8BC9CEB8-8B4A-11D0-8D11-00A0C91BC942}") = "dap4", "libdap4\dap4.vcxproj", "{B11B8A1E-76D9-39AC-B390-57FE2129095F}"
EndProject
Project("{8BC9CEB8-8B4A-11D0-8D11-00A0C91BC942}") = "dispatch", "libdispatch\dispatch.vcxproj", "{5CA632FE-84A9-3DD2-BE21-92B5BADE2ABD}"
EndProject
Project("{8BC9CEB8-8B4A-11D0-8D11-00A0C91BC942}") = "nc4print", "ncdump\nc4print.vcxproj", "{45732695-3246-3D33-B78A-25CD2499631C}"
	ProjectSection(ProjectDependencies) = postProject
		{AF090F1C-BC00-33B8-B161-DC61224F4337} = {AF090F1C-BC00-33B8-B161-DC61224F4337}
	EndProjectSection
EndProject
Project("{8BC9CEB8-8B4A-11D0-8D11-00A0C91BC942}") = "ncpoco", "libncpoco\ncpoco.vcxproj", "{5B25C042-7089-3F41-ABFC-F6FC783EACCE}"
EndProject
Project("{8BC9CEB8-8B4A-11D0-8D11-00A0C91BC942}") = "ncxml", "libncxml\ncxml.vcxproj", "{AF6B87FA-44E8-34A2-8DC8-A596798F69C4}"
EndProject
Project("{8BC9CEB8-8B4A-11D0-8D11-00A0C91BC942}") = "nczarr", "libnczarr\nczarr.vcxproj", "{25C3870A-18E2-36D3-A246-284C6B5E0CC7}"
EndProject
Project("{8BC9CEB8-8B4A-11D0-8D11-00A0C91BC942}") = "netcdf", "liblib\netcdf.vcxproj", "{AF090F1C-BC00-33B8-B161-DC61224F4337}"
	ProjectSection(ProjectDependencies) = postProject
		{4F5D0DBB-E018-358B-9BAC-723E335E7A69} = {4F5D0DBB-E018-358B-9BAC-723E335E7A69}
		{B11B8A1E-76D9-39AC-B390-57FE2129095F} = {B11B8A1E-76D9-39AC-B390-57FE2129095F}
		{5CA632FE-84A9-3DD2-BE21-92B5BADE2ABD} = {5CA632FE-84A9-3DD2-BE21-92B5BADE2ABD}
		{5B25C042-7089-3F41-ABFC-F6FC783EACCE} = {5B25C042-7089-3F41-ABFC-F6FC783EACCE}
		{AF6B87FA-44E8-34A2-8DC8-A596798F69C4} = {AF6B87FA-44E8-34A2-8DC8-A596798F69C4}
		{25C3870A-18E2-36D3-A246-284C6B5E0CC7} = {25C3870A-18E2-36D3-A246-284C6B5E0CC7}
		{FA6ABA90-DA6B-3828-B73B-D8B76D7CE471} = {FA6ABA90-DA6B-3828-B73B-D8B76D7CE471}
		{9809EAA3-C457-35EC-A272-4D56BC52AB9E} = {9809EAA3-C457-35EC-A272-4D56BC52AB9E}
		{AD1E53F4-ABB3-383E-900E-3FBA9CBD9A5A} = {AD1E53F4-ABB3-383E-900E-3FBA9CBD9A5A}
		{DC7291E8-3D77-33E6-BE8C-710D6D78ECB5} = {DC7291E8-3D77-33E6-BE8C-710D6D78ECB5}
		{5348CBFE-13BA-3B39-BCAE-03EA6A83D21A} = {5348CBFE-13BA-3B39-BCAE-03EA6A83D21A}
	EndProjectSection
EndProject
Project("{8BC9CEB8-8B4A-11D0-8D11-00A0C91BC942}") = "netcdf3", "libsrc\netcdf3.vcxproj", "{FA6ABA90-DA6B-3828-B73B-D8B76D7CE471}"
EndProject
Project("{8BC9CEB8-8B4A-11D0-8D11-00A0C91BC942}") = "netcdf4", "libsrc4\netcdf4.vcxproj", "{9809EAA3-C457-35EC-A272-4D56BC52AB9E}"
EndProject
Project("{8BC9CEB8-8B4A-11D0-8D11-00A0C91BC942}") = "netcdfhdf4", "libhdf4\netcdfhdf4.vcxproj", "{AD1E53F4-ABB3-383E-900E-3FBA9CBD9A5A}"
EndProject
Project("{8BC9CEB8-8B4A-11D0-8D11-00A0C91BC942}") = "netcdfhdf5", "libhdf5\netcdfhdf5.vcxproj", "{DC7291E8-3D77-33E6-BE8C-710D6D78ECB5}"
EndProject
Project("{8BC9CEB8-8B4A-11D0-8D11-00A0C91BC942}") = "oc2", "oc2\oc2.vcxproj", "{5348CBFE-13BA-3B39-BCAE-03EA6A83D21A}"
EndProject
Global
	GlobalSection(SolutionConfigurationPlatforms) = preSolution
		vs2019_Debug|x64 = vs2019_Debug|x64
		vs2019_Release|x64 = vs2019_Release|x64
		vs2022_Debug|x64 = vs2022_Debug|x64
		vs2022_Release|x64 = vs2022_Release|x64
	EndGlobalSection
	GlobalSection(ProjectConfigurationPlatforms) = postSolution
		{4F5D0DBB-E018-358B-9BAC-723E335E7A69}.vs2019_Debug|x64.ActiveCfg = vs2019_Debug|x64
		{4F5D0DBB-E018-358B-9BAC-723E335E7A69}.vs2019_Debug|x64.Build.0 = vs2019_Debug|x64
		{4F5D0DBB-E018-358B-9BAC-723E335E7A69}.vs2019_Release|x64.ActiveCfg = vs2019_Release|x64
		{4F5D0DBB-E018-358B-9BAC-723E335E7A69}.vs2019_Release|x64.Build.0 = vs2019_Release|x64
		{4F5D0DBB-E018-358B-9BAC-723E335E7A69}.vs2022_Debug|x64.ActiveCfg = vs2022_Debug|x64
		{4F5D0DBB-E018-358B-9BAC-723E335E7A69}.vs2022_Debug|x64.Build.0 = vs2022_Debug|x64
		{4F5D0DBB-E018-358B-9BAC-723E335E7A69}.vs2022_Release|x64.ActiveCfg = vs2022_Release|x64
		{4F5D0DBB-E018-358B-9BAC-723E335E7A69}.vs2022_Release|x64.Build.0 = vs2022_Release|x64
		{B11B8A1E-76D9-39AC-B390-57FE2129095F}.vs2019_Debug|x64.ActiveCfg = vs2019_Debug|x64
		{B11B8A1E-76D9-39AC-B390-57FE2129095F}.vs2019_Debug|x64.Build.0 = vs2019_Debug|x64
		{B11B8A1E-76D9-39AC-B390-57FE2129095F}.vs2019_Release|x64.ActiveCfg = vs2019_Release|x64
		{B11B8A1E-76D9-39AC-B390-57FE2129095F}.vs2019_Release|x64.Build.0 = vs2019_Release|x64
		{B11B8A1E-76D9-39AC-B390-57FE2129095F}.vs2022_Debug|x64.ActiveCfg = vs2022_Debug|x64
		{B11B8A1E-76D9-39AC-B390-57FE2129095F}.vs2022_Debug|x64.Build.0 = vs2022_Debug|x64
		{B11B8A1E-76D9-39AC-B390-57FE2129095F}.vs2022_Release|x64.ActiveCfg = vs2022_Release|x64
		{B11B8A1E-76D9-39AC-B390-57FE2129095F}.vs2022_Release|x64.Build.0 = vs2022_Release|x64
		{5CA632FE-84A9-3DD2-BE21-92B5BADE2ABD}.vs2019_Debug|x64.ActiveCfg = vs2019_Debug|x64
		{5CA632FE-84A9-3DD2-BE21-92B5BADE2ABD}.vs2019_Debug|x64.Build.0 = vs2019_Debug|x64
		{5CA632FE-84A9-3DD2-BE21-92B5BADE2ABD}.vs2019_Release|x64.ActiveCfg = vs2019_Release|x64
		{5CA632FE-84A9-3DD2-BE21-92B5BADE2ABD}.vs2019_Release|x64.Build.0 = vs2019_Release|x64
		{5CA632FE-84A9-3DD2-BE21-92B5BADE2ABD}.vs2022_Debug|x64.ActiveCfg = vs2022_Debug|x64
		{5CA632FE-84A9-3DD2-BE21-92B5BADE2ABD}.vs2022_Debug|x64.Build.0 = vs2022_Debug|x64
		{5CA632FE-84A9-3DD2-BE21-92B5BADE2ABD}.vs2022_Release|x64.ActiveCfg = vs2022_Release|x64
		{5CA632FE-84A9-3DD2-BE21-92B5BADE2ABD}.vs2022_Release|x64.Build.0 = vs2022_Release|x64
		{45732695-3246-3D33-B78A-25CD2499631C}.vs2019_Debug|x64.ActiveCfg = vs2019_Debug|x64
		{45732695-3246-3D33-B78A-25CD2499631C}.vs2019_Debug|x64.Build.0 = vs2019_Debug|x64
		{45732695-3246-3D33-B78A-25CD2499631C}.vs2019_Release|x64.ActiveCfg = vs2019_Release|x64
		{45732695-3246-3D33-B78A-25CD2499631C}.vs2019_Release|x64.Build.0 = vs2019_Release|x64
		{45732695-3246-3D33-B78A-25CD2499631C}.vs2022_Debug|x64.ActiveCfg = vs2022_Debug|x64
		{45732695-3246-3D33-B78A-25CD2499631C}.vs2022_Debug|x64.Build.0 = vs2022_Debug|x64
		{45732695-3246-3D33-B78A-25CD2499631C}.vs2022_Release|x64.ActiveCfg = vs2022_Release|x64
		{45732695-3246-3D33-B78A-25CD2499631C}.vs2022_Release|x64.Build.0 = vs2022_Release|x64
		{5B25C042-7089-3F41-ABFC-F6FC783EACCE}.vs2019_Debug|x64.ActiveCfg = vs2019_Debug|x64
		{5B25C042-7089-3F41-ABFC-F6FC783EACCE}.vs2019_Debug|x64.Build.0 = vs2019_Debug|x64
		{5B25C042-7089-3F41-ABFC-F6FC783EACCE}.vs2019_Release|x64.ActiveCfg = vs2019_Release|x64
		{5B25C042-7089-3F41-ABFC-F6FC783EACCE}.vs2019_Release|x64.Build.0 = vs2019_Release|x64
		{5B25C042-7089-3F41-ABFC-F6FC783EACCE}.vs2022_Debug|x64.ActiveCfg = vs2022_Debug|x64
		{5B25C042-7089-3F41-ABFC-F6FC783EACCE}.vs2022_Debug|x64.Build.0 = vs2022_Debug|x64
		{5B25C042-7089-3F41-ABFC-F6FC783EACCE}.vs2022_Release|x64.ActiveCfg = vs2022_Release|x64
		{5B25C042-7089-3F41-ABFC-F6FC783EACCE}.vs2022_Release|x64.Build.0 = vs2022_Release|x64
		{AF6B87FA-44E8-34A2-8DC8-A596798F69C4}.vs2019_Debug|x64.ActiveCfg = vs2019_Debug|x64
		{AF6B87FA-44E8-34A2-8DC8-A596798F69C4}.vs2019_Debug|x64.Build.0 = vs2019_Debug|x64
		{AF6B87FA-44E8-34A2-8DC8-A596798F69C4}.vs2019_Release|x64.ActiveCfg = vs2019_Release|x64
		{AF6B87FA-44E8-34A2-8DC8-A596798F69C4}.vs2019_Release|x64.Build.0 = vs2019_Release|x64
		{AF6B87FA-44E8-34A2-8DC8-A596798F69C4}.vs2022_Debug|x64.ActiveCfg = vs2022_Debug|x64
		{AF6B87FA-44E8-34A2-8DC8-A596798F69C4}.vs2022_Debug|x64.Build.0 = vs2022_Debug|x64
		{AF6B87FA-44E8-34A2-8DC8-A596798F69C4}.vs2022_Release|x64.ActiveCfg = vs2022_Release|x64
		{AF6B87FA-44E8-34A2-8DC8-A596798F69C4}.vs2022_Release|x64.Build.0 = vs2022_Release|x64
		{25C3870A-18E2-36D3-A246-284C6B5E0CC7}.vs2019_Debug|x64.ActiveCfg = vs2019_Debug|x64
		{25C3870A-18E2-36D3-A246-284C6B5E0CC7}.vs2019_Debug|x64.Build.0 = vs2019_Debug|x64
		{25C3870A-18E2-36D3-A246-284C6B5E0CC7}.vs2019_Release|x64.ActiveCfg = vs2019_Release|x64
		{25C3870A-18E2-36D3-A246-284C6B5E0CC7}.vs2019_Release|x64.Build.0 = vs2019_Release|x64
		{25C3870A-18E2-36D3-A246-284C6B5E0CC7}.vs2022_Debug|x64.ActiveCfg = vs2022_Debug|x64
		{25C3870A-18E2-36D3-A246-284C6B5E0CC7}.vs2022_Debug|x64.Build.0 = vs2022_Debug|x64
		{25C3870A-18E2-36D3-A246-284C6B5E0CC7}.vs2022_Release|x64.ActiveCfg = vs2022_Release|x64
		{25C3870A-18E2-36D3-A246-284C6B5E0CC7}.vs2022_Release|x64.Build.0 = vs2022_Release|x64
		{AF090F1C-BC00-33B8-B161-DC61224F4337}.vs2019_Debug|x64.ActiveCfg = vs2019_Debug|x64
		{AF090F1C-BC00-33B8-B161-DC61224F4337}.vs2019_Debug|x64.Build.0 = vs2019_Debug|x64
		{AF090F1C-BC00-33B8-B161-DC61224F4337}.vs2019_Release|x64.ActiveCfg = vs2019_Release|x64
		{AF090F1C-BC00-33B8-B161-DC61224F4337}.vs2019_Release|x64.Build.0 = vs2019_Release|x64
		{AF090F1C-BC00-33B8-B161-DC61224F4337}.vs2022_Debug|x64.ActiveCfg = vs2022_Debug|x64
		{AF090F1C-BC00-33B8-B161-DC61224F4337}.vs2022_Debug|x64.Build.0 = vs2022_Debug|x64
		{AF090F1C-BC00-33B8-B161-DC61224F4337}.vs2022_Release|x64.ActiveCfg = vs2022_Release|x64
		{AF090F1C-BC00-33B8-B161-DC61224F4337}.vs2022_Release|x64.Build.0 = vs2022_Release|x64
		{FA6ABA90-DA6B-3828-B73B-D8B76D7CE471}.vs2019_Debug|x64.ActiveCfg = vs2019_Debug|x64
		{FA6ABA90-DA6B-3828-B73B-D8B76D7CE471}.vs2019_Debug|x64.Build.0 = vs2019_Debug|x64
		{FA6ABA90-DA6B-3828-B73B-D8B76D7CE471}.vs2019_Release|x64.ActiveCfg = vs2019_Release|x64
		{FA6ABA90-DA6B-3828-B73B-D8B76D7CE471}.vs2019_Release|x64.Build.0 = vs2019_Release|x64
		{FA6ABA90-DA6B-3828-B73B-D8B76D7CE471}.vs2022_Debug|x64.ActiveCfg = vs2022_Debug|x64
		{FA6ABA90-DA6B-3828-B73B-D8B76D7CE471}.vs2022_Debug|x64.Build.0 = vs2022_Debug|x64
		{FA6ABA90-DA6B-3828-B73B-D8B76D7CE471}.vs2022_Release|x64.ActiveCfg = vs2022_Release|x64
		{FA6ABA90-DA6B-3828-B73B-D8B76D7CE471}.vs2022_Release|x64.Build.0 = vs2022_Release|x64
		{9809EAA3-C457-35EC-A272-4D56BC52AB9E}.vs2019_Debug|x64.ActiveCfg = vs2019_Debug|x64
		{9809EAA3-C457-35EC-A272-4D56BC52AB9E}.vs2019_Debug|x64.Build.0 = vs2019_Debug|x64
		{9809EAA3-C457-35EC-A272-4D56BC52AB9E}.vs2019_Release|x64.ActiveCfg = vs2019_Release|x64
		{9809EAA3-C457-35EC-A272-4D56BC52AB9E}.vs2019_Release|x64.Build.0 = vs2019_Release|x64
		{9809EAA3-C457-35EC-A272-4D56BC52AB9E}.vs2022_Debug|x64.ActiveCfg = vs2022_Debug|x64
		{9809EAA3-C457-35EC-A272-4D56BC52AB9E}.vs2022_Debug|x64.Build.0 = vs2022_Debug|x64
		{9809EAA3-C457-35EC-A272-4D56BC52AB9E}.vs2022_Release|x64.ActiveCfg = vs2022_Release|x64
		{9809EAA3-C457-35EC-A272-4D56BC52AB9E}.vs2022_Release|x64.Build.0 = vs2022_Release|x64
		{AD1E53F4-ABB3-383E-900E-3FBA9CBD9A5A}.vs2019_Debug|x64.ActiveCfg = vs2019_Debug|x64
		{AD1E53F4-ABB3-383E-900E-3FBA9CBD9A5A}.vs2019_Debug|x64.Build.0 = vs2019_Debug|x64
		{AD1E53F4-ABB3-383E-900E-3FBA9CBD9A5A}.vs2019_Release|x64.ActiveCfg = vs2019_Release|x64
		{AD1E53F4-ABB3-383E-900E-3FBA9CBD9A5A}.vs2019_Release|x64.Build.0 = vs2019_Release|x64
		{AD1E53F4-ABB3-383E-900E-3FBA9CBD9A5A}.vs2022_Debug|x64.ActiveCfg = vs2022_Debug|x64
		{AD1E53F4-ABB3-383E-900E-3FBA9CBD9A5A}.vs2022_Debug|x64.Build.0 = vs2022_Debug|x64
		{AD1E53F4-ABB3-383E-900E-3FBA9CBD9A5A}.vs2022_Release|x64.ActiveCfg = vs2022_Release|x64
		{AD1E53F4-ABB3-383E-900E-3FBA9CBD9A5A}.vs2022_Release|x64.Build.0 = vs2022_Release|x64
		{DC7291E8-3D77-33E6-BE8C-710D6D78ECB5}.vs2019_Debug|x64.ActiveCfg = vs2019_Debug|x64
		{DC7291E8-3D77-33E6-BE8C-710D6D78ECB5}.vs2019_Debug|x64.Build.0 = vs2019_Debug|x64
		{DC7291E8-3D77-33E6-BE8C-710D6D78ECB5}.vs2019_Release|x64.ActiveCfg = vs2019_Release|x64
		{DC7291E8-3D77-33E6-BE8C-710D6D78ECB5}.vs2019_Release|x64.Build.0 = vs2019_Release|x64
		{DC7291E8-3D77-33E6-BE8C-710D6D78ECB5}.vs2022_Debug|x64.ActiveCfg = vs2022_Debug|x64
		{DC7291E8-3D77-33E6-BE8C-710D6D78ECB5}.vs2022_Debug|x64.Build.0 = vs2022_Debug|x64
		{DC7291E8-3D77-33E6-BE8C-710D6D78ECB5}.vs2022_Release|x64.ActiveCfg = vs2022_Release|x64
		{DC7291E8-3D77-33E6-BE8C-710D6D78ECB5}.vs2022_Release|x64.Build.0 = vs2022_Release|x64
		{5348CBFE-13BA-3B39-BCAE-03EA6A83D21A}.vs2019_Debug|x64.ActiveCfg = vs2019_Debug|x64
		{5348CBFE-13BA-3B39-BCAE-03EA6A83D21A}.vs2019_Debug|x64.Build.0 = vs2019_Debug|x64
		{5348CBFE-13BA-3B39-BCAE-03EA6A83D21A}.vs2019_Release|x64.ActiveCfg = vs2019_Release|x64
		{5348CBFE-13BA-3B39-BCAE-03EA6A83D21A}.vs2019_Release|x64.Build.0 = vs2019_Release|x64
		{5348CBFE-13BA-3B39-BCAE-03EA6A83D21A}.vs2022_Debug|x64.ActiveCfg = vs2022_Debug|x64
		{5348CBFE-13BA-3B39-BCAE-03EA6A83D21A}.vs2022_Debug|x64.Build.0 = vs2022_Debug|x64
		{5348CBFE-13BA-3B39-BCAE-03EA6A83D21A}.vs2022_Release|x64.ActiveCfg = vs2022_Release|x64
		{5348CBFE-13BA-3B39-BCAE-03EA6A83D21A}.vs2022_Release|x64.Build.0 = vs2022_Release|x64
	EndGlobalSection
	GlobalSection(SolutionProperties) = preSolution
		HideSolutionNode = FALSE
	EndGlobalSection
	GlobalSection(ExtensibilityGlobals) = postSolution
		SolutionGuid = {2BF8CAA2-85C9-3826-AE0C-C5689EC7C1D4}
	EndGlobalSection
EndGlobal
