<?xml version="1.0" encoding="utf-8"?>
<Project ToolsVersion="16.0" xmlns="http://schemas.microsoft.com/developer/msbuild/2003">
  <ItemGroup>
    <ClCompile Include="..\..\libhdf5\nc4hdf.c">
      <Filter>Source Files</Filter>
    </ClCompile>
    <ClCompile Include="..\..\libhdf5\nc4info.c">
      <Filter>Source Files</Filter>
    </ClCompile>
    <ClCompile Include="..\..\libhdf5\hdf5file.c">
      <Filter>Source Files</Filter>
    </ClCompile>
    <ClCompile Include="..\..\libhdf5\hdf5attr.c">
      <Filter>Source Files</Filter>
    </ClCompile>
    <ClCompile Include="..\..\libhdf5\hdf5dim.c">
      <Filter>Source Files</Filter>
    </ClCompile>
    <ClCompile Include="..\..\libhdf5\hdf5grp.c">
      <Filter>Source Files</Filter>
    </ClCompile>
    <ClCompile Include="..\..\libhdf5\hdf5type.c">
      <Filter>Source Files</Filter>
    </ClCompile>
    <ClCompile Include="..\..\libhdf5\hdf5internal.c">
      <Filter>Source Files</Filter>
    </ClCompile>
    <ClCompile Include="..\..\libhdf5\hdf5create.c">
      <Filter>Source Files</Filter>
    </ClCompile>
    <ClCompile Include="..\..\libhdf5\hdf5open.c">
      <Filter>Source Files</Filter>
    </ClCompile>
    <ClCompile Include="..\..\libhdf5\hdf5var.c">
      <Filter>Source Files</Filter>
    </ClCompile>
    <ClCompile Include="..\..\libhdf5\nc4mem.c">
      <Filter>Source Files</Filter>
    </ClCompile>
    <ClCompile Include="..\..\libhdf5\nc4memcb.c">
      <Filter>Source Files</Filter>
    </ClCompile>
    <ClCompile Include="..\..\libhdf5\hdf5dispatch.c">
      <Filter>Source Files</Filter>
    </ClCompile>
    <ClCompile Include="..\..\libhdf5\hdf5filter.c">
      <Filter>Source Files</Filter>
    </ClCompile>
    <ClCompile Include="..\..\libhdf5\hdf5set_format_compatibility.c">
      <Filter>Source Files</Filter>
    </ClCompile>
    <ClCompile Include="..\..\libhdf5\hdf5debug.c">
      <Filter>Source Files</Filter>
    </ClCompile>
    <ClCompile Include="..\..\libhdf5\H5FDhttp.c">
      <Filter>Source Files</Filter>
    </ClCompile>
  </ItemGroup>
  <ItemGroup>
    <Filter Include="Source Files">
      <UniqueIdentifier>{A522C833-7C7C-3C54-B964-1823C5482EB1}</UniqueIdentifier>
    </Filter>
  </ItemGroup>
</Project>