<?xml version="1.0" encoding="utf-8"?>
<Project ToolsVersion="16.0" xmlns="http://schemas.microsoft.com/developer/msbuild/2003">
  <ItemGroup>
    <ClCompile Include="..\..\ncgen\bindata.c">
      <Filter>Source Files</Filter>
    </ClCompile>
    <ClCompile Include="..\..\ncgen\bytebuffer.c">
      <Filter>Source Files</Filter>
    </ClCompile>
    <ClCompile Include="..\..\ncgen\cdata.c">
      <Filter>Source Files</Filter>
    </ClCompile>
    <ClCompile Include="..\..\ncgen\cvt.c">
      <Filter>Source Files</Filter>
    </ClCompile>
    <ClCompile Include="..\..\ncgen\data.c">
      <Filter>Source Files</Filter>
    </ClCompile>
    <ClCompile Include="..\..\ncgen\debug.c">
      <Filter>Source Files</Filter>
    </ClCompile>
    <ClCompile Include="..\..\ncgen\dump.c">
      <Filter>Source Files</Filter>
    </ClCompile>
    <ClCompile Include="..\..\ncgen\escapes.c">
      <Filter>Source Files</Filter>
    </ClCompile>
    <ClCompile Include="..\..\ncgen\f77data.c">
      <Filter>Source Files</Filter>
    </ClCompile>
    <ClCompile Include="..\..\ncgen\genbin.c">
      <Filter>Source Files</Filter>
    </ClCompile>
    <ClCompile Include="..\..\ncgen\genc.c">
      <Filter>Source Files</Filter>
    </ClCompile>
    <ClCompile Include="..\..\ncgen\genchar.c">
      <Filter>Source Files</Filter>
    </ClCompile>
    <ClCompile Include="..\..\ncgen\generate.c">
      <Filter>Source Files</Filter>
    </ClCompile>
    <ClCompile Include="..\..\ncgen\generr.c">
      <Filter>Source Files</Filter>
    </ClCompile>
    <ClCompile Include="..\..\ncgen\genf77.c">
      <Filter>Source Files</Filter>
    </ClCompile>
    <ClCompile Include="..\..\ncgen\genj.c">
      <Filter>Source Files</Filter>
    </ClCompile>
    <ClCompile Include="..\..\ncgen\genlib.c">
      <Filter>Source Files</Filter>
    </ClCompile>
    <ClCompile Include="..\..\ncgen\getfill.c">
      <Filter>Source Files</Filter>
    </ClCompile>
    <ClCompile Include="..\..\ncgen\jdata.c">
      <Filter>Source Files</Filter>
    </ClCompile>
    <ClCompile Include="..\..\ncgen\list.c">
      <Filter>Source Files</Filter>
    </ClCompile>
    <ClCompile Include="..\..\ncgen\main.c">
      <Filter>Source Files</Filter>
    </ClCompile>
    <ClCompile Include="..\..\ncgen\ncgeny.c">
      <Filter>Source Files</Filter>
    </ClCompile>
    <ClCompile Include="..\..\ncgen\semantics.c">
      <Filter>Source Files</Filter>
    </ClCompile>
    <ClCompile Include="..\..\ncgen\util.c">
      <Filter>Source Files</Filter>
    </ClCompile>
    <ClCompile Include=".\XGetopt.c">
      <Filter>Source Files</Filter>
    </ClCompile>
  </ItemGroup>
  <ItemGroup>
    <ClInclude Include="..\..\ncgen\bytebuffer.h">
      <Filter>Header Files</Filter>
    </ClInclude>
    <ClInclude Include="..\..\ncgen\data.h">
      <Filter>Header Files</Filter>
    </ClInclude>
    <ClInclude Include="..\..\ncgen\debug.h">
      <Filter>Header Files</Filter>
    </ClInclude>
    <ClInclude Include="..\..\ncgen\dump.h">
      <Filter>Header Files</Filter>
    </ClInclude>
    <ClInclude Include="..\..\ncgen\generate.h">
      <Filter>Header Files</Filter>
    </ClInclude>
    <ClInclude Include="..\..\ncgen\generr.h">
      <Filter>Header Files</Filter>
    </ClInclude>
    <ClInclude Include="..\..\ncgen\genlib.h">
      <Filter>Header Files</Filter>
    </ClInclude>
    <ClInclude Include="..\..\ncgen\includes.h">
      <Filter>Header Files</Filter>
    </ClInclude>
    <ClInclude Include="..\..\ncgen\list.h">
      <Filter>Header Files</Filter>
    </ClInclude>
    <ClInclude Include="..\..\ncgen\ncgen.h">
      <Filter>Header Files</Filter>
    </ClInclude>
    <ClInclude Include="..\..\ncgen\ncgeny.h">
      <Filter>Header Files</Filter>
    </ClInclude>
    <ClInclude Include="..\..\ncgen\util.h">
      <Filter>Header Files</Filter>
    </ClInclude>
  </ItemGroup>
  <ItemGroup>
    <Filter Include="Header Files">
      <UniqueIdentifier>{55CEE624-F97D-3C55-8E36-E650569DB161}</UniqueIdentifier>
    </Filter>
    <Filter Include="Source Files">
      <UniqueIdentifier>{A522C833-7C7C-3C54-B964-1823C5482EB1}</UniqueIdentifier>
    </Filter>
  </ItemGroup>
</Project>