<?xml version="1.0" encoding="utf-8"?>
<Project ToolsVersion="16.0" xmlns="http://schemas.microsoft.com/developer/msbuild/2003">
  <ItemGroup>
    <ClCompile Include="..\..\ncdump\ncpathcvt.c">
      <Filter>Source Files</Filter>
    </ClCompile>
    <ClCompile Include=".\XGetopt.c">
      <Filter>Source Files</Filter>
    </ClCompile>
  </ItemGroup>
  <ItemGroup>
    <Filter Include="Source Files">
      <UniqueIdentifier>{A522C833-7C7C-3C54-B964-1823C5482EB1}</UniqueIdentifier>
    </Filter>
  </ItemGroup>
</Project>